
Microsoft Visual Studio Solution File, Format Version 12.00
# Visual Studio Version 16
VisualStudioVersion = 16.0.31005.135
MinimumVisualStudioVersion = 10.0.40219.1
Project("{FAE04EC0-301F-11D3-BF4B-00C04F79EFBC}") = "school_management_system", "school_management_system\school_management_system.csproj", "{6E5A53F7-8D1F-4718-A20C-F95890B8C189}"
EndProject
Global
	GlobalSection(SolutionConfigurationPlatforms) = preSolution
		Debug|Any CPU = Debug|Any CPU
		Release|Any CPU = Release|Any CPU
	EndGlobalSection
	GlobalSection(ProjectConfigurationPlatforms) = postSolution
		{6E5A53F7-8D1F-4718-A20C-F95890B8C189}.Debug|Any CPU.ActiveCfg = Debug|Any CPU
		{6E5A53F7-8D1F-4718-A20C-F95890B8C189}.Debug|Any CPU.Build.0 = Debug|Any CPU
		{6E5A53F7-8D1F-4718-A20C-F95890B8C189}.Release|Any CPU.ActiveCfg = Release|Any CPU
		{6E5A53F7-8D1F-4718-A20C-F95890B8C189}.Release|Any CPU.Build.0 = Release|Any CPU
	EndGlobalSection
	GlobalSection(SolutionProperties) = preSolution
		HideSolutionNode = FALSE
	EndGlobalSection
	GlobalSection(ExtensibilityGlobals) = postSolution
		SolutionGuid = {064C95FD-2B07-4E3C-9A7B-C8F3EE16202B}
	EndGlobalSection
EndGlobal
